{
  "nodes": {
    "darwin": {
      "inputs": {
        "nixpkgs": [
          "darwin-stable"
        ]
      },
      "locked": {
        "lastModified": 1651916036,
        "narHash": "sha256-UuD9keUGm4IuVEV6wdSYbuRm7CwfXE63hVkzKDjVsh4=",
        "owner": "lnl7",
        "repo": "nix-darwin",
        "rev": "2f2bdf658d2b79bada78dc914af99c53cad37cba",
        "type": "github"
      },
      "original": {
        "owner": "lnl7",
        "ref": "master",
        "repo": "nix-darwin",
        "type": "github"
      }
    },
    "darwin-stable": {
      "locked": {
        "lastModified": 1655421536,
        "narHash": "sha256-CjPYLRJj/aglDiY+755CYazTugGco0quzlTo1arVil0=",
        "owner": "nixos",
        "repo": "nixpkgs",
        "rev": "87d9c84817d7be81850c07e8f6a362b1dfc30feb",
        "type": "github"
      },
      "original": {
        "owner": "nixos",
        "ref": "nixpkgs-22.05-darwin",
        "repo": "nixpkgs",
        "type": "github"
      }
    },
    "flake-utils": {
      "locked": {
        "lastModified": 1652776076,
        "narHash": "sha256-gzTw/v1vj4dOVbpBSJX4J0DwUR6LIyXo7/SuuTJp1kM=",
        "owner": "numtide",
        "repo": "flake-utils",
        "rev": "04c1b180862888302ddfb2e3ad9eaa63afc60cf8",
        "type": "github"
      },
      "original": {
        "owner": "numtide",
        "repo": "flake-utils",
        "type": "github"
      }
    },
    "flake-utils_2": {
      "locked": {
        "lastModified": 1649676176,
        "narHash": "sha256-OWKJratjt2RW151VUlJPRALb7OU2S5s+f0vLj4o1bHM=",
        "owner": "numtide",
        "repo": "flake-utils",
        "rev": "a4b154ebbdc88c8498a5c7b01589addc9e9cb678",
        "type": "github"
      },
      "original": {
        "owner": "numtide",
        "repo": "flake-utils",
        "type": "github"
      }
    },
    "home-manager": {
      "inputs": {
        "nixpkgs": [
          "nixpkgs-stable"
        ]
      },
      "locked": {
        "lastModified": 1654113405,
        "narHash": "sha256-VpK+0QaWG2JRgB00lw77N9TjkE3ec0iMYIX1TzGpxa4=",
        "owner": "nix-community",
        "repo": "home-manager",
        "rev": "ac2287df5a2d6f0a44bbcbd11701dbbf6ec43675",
        "type": "github"
      },
      "original": {
        "owner": "nix-community",
        "ref": "release-22.05",
        "repo": "home-manager",
        "type": "github"
      }
    },
    "nixpkgs": {
      "locked": {
        "lastModified": 1655567057,
        "narHash": "sha256-Cc5hQSMsTzOHmZnYm8OSJ5RNUp22bd5NADWLHorULWQ=",
        "owner": "NixOS",
        "repo": "nixpkgs",
        "rev": "e0a42267f73ea52adc061a64650fddc59906fc99",
        "type": "github"
      },
      "original": {
        "id": "nixpkgs",
        "type": "indirect"
      }
    },
    "nixpkgs-fork": {
      "locked": {
        "lastModified": 1647600821,
        "narHash": "sha256-FSL7HMGDzRfT+o/JrSbI9ciSQMxGIzYIzs1yEEOT/2o=",
        "owner": "tricktron",
        "repo": "nixpkgs",
        "rev": "ac22bb053051957d3e40d4d6e0d1817a8c65d69e",
        "type": "github"
      },
      "original": {
        "owner": "tricktron",
        "ref": "develop",
        "repo": "nixpkgs",
        "type": "github"
      }
    },
    "nixpkgs-stable": {
      "locked": {
        "lastModified": 1655729248,
        "narHash": "sha256-5GrrkHaXknG1M4lYskTR3H9Ghzdmdhp8LhFL9xEKwtU=",
        "owner": "nixos",
        "repo": "nixpkgs",
        "rev": "d423c0ce15adf573c2045bef5c921b958b674bb4",
        "type": "github"
      },
      "original": {
        "owner": "nixos",
        "ref": "release-22.05",
        "repo": "nixpkgs",
        "type": "github"
      }
    },
    "nixpkgs_2": {
      "locked": {
        "lastModified": 1653326962,
        "narHash": "sha256-W8feCYqKTsMre4nAEpv5Kx1PVFC+hao/LwqtB2Wci/8=",
        "owner": "NixOS",
        "repo": "nixpkgs",
        "rev": "41cc1d5d9584103be4108c1815c350e07c807036",
        "type": "github"
      },
      "original": {
        "owner": "NixOS",
        "ref": "nixpkgs-unstable",
        "repo": "nixpkgs",
        "type": "github"
      }
    },
    "nixpkgs_3": {
      "locked": {
        "lastModified": 1651743098,
        "narHash": "sha256-NuQNu6yHh54li0kZffM59FRC5bWCJusygL4Cy+3O0fY=",
        "owner": "nixos",
        "repo": "nixpkgs",
        "rev": "d4191fe35cbe52f755ef73009d4d37b9e002efa2",
        "type": "github"
      },
      "original": {
        "owner": "nixos",
        "ref": "release-21.11",
        "repo": "nixpkgs",
        "type": "github"
      }
    },
    "nixt": {
      "inputs": {
        "flake-utils": "flake-utils",
        "nixpkgs": "nixpkgs_2"
      },
      "locked": {
        "lastModified": 1653426054,
        "narHash": "sha256-uJ2b2fROEo+H0llhl3R3u9m5SSus/vx1EKp7WWPbmis=",
        "owner": "tricktron",
        "repo": "nixt",
        "rev": "edbedd8dae97cb26238292652a44351d77da2bb5",
        "type": "github"
      },
      "original": {
        "owner": "tricktron",
        "ref": "my-master",
        "repo": "nixt",
        "type": "github"
      }
    },
    "private-flake": {
      "inputs": {
        "flake-utils": "flake-utils_2",
        "nixpkgs": "nixpkgs_3"
      },
      "locked": {
        "lastModified": 1651754534,
        "narHash": "sha256-FI3LJOgGl3Qin1tHObdnpA8z8zaxcP1Epch+xfRW4+w=",
        "ref": "main",
        "rev": "d271cbb0d30488756381bb5a941165862f43e2c7",
        "revCount": 2,
        "type": "git",
        "url": "ssh://git@github.com/tricktron/private-flake"
      },
      "original": {
        "ref": "main",
        "type": "git",
        "url": "ssh://git@github.com/tricktron/private-flake"
      }
    },
    "root": {
      "inputs": {
        "darwin": "darwin",
        "darwin-stable": "darwin-stable",
        "home-manager": "home-manager",
        "nixpkgs": "nixpkgs",
        "nixpkgs-fork": "nixpkgs-fork",
        "nixpkgs-stable": "nixpkgs-stable",
        "nixt": "nixt",
        "private-flake": "private-flake"
      }
    }
  },
  "root": "root",
  "version": 7
}
