{
  "nodes": {
    "darwin": {
      "inputs": {
        "nixpkgs": [
          "darwin-stable"
        ]
      },
      "locked": {
        "lastModified": 1642495030,
        "narHash": "sha256-u1ZlFbLWzkM6zOfuZ1tr0tzTuDWucOYwALPWDWLorkE=",
        "owner": "lnl7",
        "repo": "nix-darwin",
        "rev": "bcdb6022b3a300abf59cb5d0106c158940f5120e",
        "type": "github"
      },
      "original": {
        "owner": "lnl7",
        "ref": "master",
        "repo": "nix-darwin",
        "type": "github"
      }
    },
    "darwin-stable": {
      "locked": {
        "lastModified": 1644289405,
        "narHash": "sha256-Nqo5A8A8bQzNcEmvGoRdiDj8HDqGVV+KpJTFi5NR+nQ=",
        "owner": "nixos",
        "repo": "nixpkgs",
        "rev": "6694ab975bf2574765e2691d1bf123be73178ef2",
        "type": "github"
      },
      "original": {
        "owner": "nixos",
        "ref": "nixpkgs-21.11-darwin",
        "repo": "nixpkgs",
        "type": "github"
      }
    },
    "home-manager": {
      "inputs": {
        "nixpkgs": [
          "nixpkgs-stable"
        ]
      },
      "locked": {
        "lastModified": 1644255659,
        "narHash": "sha256-VuPFOttrBRTOJqPY5yboxVdk1xZjSSlOSDDbBCMKioo=",
        "owner": "nix-community",
        "repo": "home-manager",
        "rev": "1ca6293c8fb1dbe13c48fe518440c288256cd562",
        "type": "github"
      },
      "original": {
        "owner": "nix-community",
        "repo": "home-manager",
        "type": "github"
      }
    },
    "nixpkgs": {
      "locked": {
        "lastModified": 1644151317,
        "narHash": "sha256-TpXGBYCFKvEN7Q+To45rn4kqTbLPY4f56rF6ymUGGRE=",
        "owner": "NixOS",
        "repo": "nixpkgs",
        "rev": "942b0817e898262cc6e3f0a5f706ce09d8f749f1",
        "type": "github"
      },
      "original": {
        "id": "nixpkgs",
        "type": "indirect"
      }
    },
    "nixpkgs-fork": {
      "locked": {
        "lastModified": 1643612411,
        "narHash": "sha256-TEKAJL/ORHCtsk9wPXBI55NRxid06bIe0Az/0XG+wkg=",
        "owner": "tricktron",
        "repo": "nixpkgs",
        "rev": "7cb54cd3fec743a1956389f98463a6f895ff3531",
        "type": "github"
      },
      "original": {
        "owner": "tricktron",
        "ref": "develop",
        "repo": "nixpkgs",
        "type": "github"
      }
    },
    "nixpkgs-stable": {
      "locked": {
        "lastModified": 1644311545,
        "narHash": "sha256-EQqT5PlTpbRwt+5Uk86YqQY/0PiTavoc5VhoTDRTCfU=",
        "owner": "nixos",
        "repo": "nixpkgs",
        "rev": "11a998f6cbbdc8178cecb588b4466db689b71801",
        "type": "github"
      },
      "original": {
        "owner": "nixos",
        "ref": "release-21.11",
        "repo": "nixpkgs",
        "type": "github"
      }
    },
    "root": {
      "inputs": {
        "darwin": "darwin",
        "darwin-stable": "darwin-stable",
        "home-manager": "home-manager",
        "nixpkgs": "nixpkgs",
        "nixpkgs-fork": "nixpkgs-fork",
        "nixpkgs-stable": "nixpkgs-stable"
      }
    }
  },
  "root": "root",
  "version": 7
}
